{
  "name": "5.static",
  "version": "1.0.0",
  "lockfileVersion": 3,
  "requires": true,
  "packages": {
    "": {
      "name": "5.static",
      "version": "1.0.0",
      "license": "ISC",
      "dependencies": {
        "chalk": "^5.3.0",
        "debug": "^4.3.4",
        "handlebars": "^4.7.8"
      }
    },
    "node_modules/chalk": {
      "version": "5.3.0",
      "resolved": "http://registry.npm.release.ctripcorp.com/chalk/download/chalk-5.3.0.tgz",
      "integrity": "sha1-Z8IKfr73Dn85cKAfkPohDLaGA4U=",
      "license": "MIT",
      "engines": {
        "node": "^12.17.0 || ^14.13 || >=16.0.0"
      },
      "funding": {
        "url": "https://github.com/chalk/chalk?sponsor=1"
      }
    },
    "node_modules/debug": {
      "version": "4.3.4",
      "resolved": "http://registry.npm.release.ctripcorp.com/debug/download/debug-4.3.4.tgz",
      "integrity": "sha1-Exn2V5NX8jONMzfSzdSRS7XcyGU=",
      "license": "MIT",
      "dependencies": {
        "ms": "2.1.2"
      },
      "engines": {
        "node": ">=6.0"
      },
      "peerDependenciesMeta": {
        "supports-color": {
          "optional": true
        }
      }
    },
    "node_modules/handlebars": {
      "version": "4.7.8",
      "resolved": "http://registry.npm.release.ctripcorp.com/handlebars/download/handlebars-4.7.8.tgz",
      "integrity": "sha1-QcQsGLG+I2VDkYjHfGr65xwM2ek=",
      "license": "MIT",
      "dependencies": {
        "minimist": "^1.2.5",
        "neo-async": "^2.6.2",
        "source-map": "^0.6.1",
        "wordwrap": "^1.0.0"
      },
      "bin": {
        "handlebars": "bin/handlebars"
      },
      "engines": {
        "node": ">=0.4.7"
      },
      "optionalDependencies": {
        "uglify-js": "^3.1.4"
      }
    },
    "node_modules/minimist": {
      "version": "1.2.8",
      "resolved": "http://registry.npm.release.ctripcorp.com/minimist/download/minimist-1.2.8.tgz",
      "integrity": "sha1-waRk52kzAuCCoHXO4MBXdBrEdyw=",
      "license": "MIT",
      "funding": {
        "url": "https://github.com/sponsors/ljharb"
      }
    },
    "node_modules/ms": {
      "version": "2.1.2",
      "resolved": "http://registry.npm.release.ctripcorp.com/ms/download/ms-2.1.2.tgz",
      "integrity": "sha1-0J0fNXtEP0kzgqjrPM0YOHKuYAk=",
      "license": "MIT"
    },
    "node_modules/neo-async": {
      "version": "2.6.2",
      "resolved": "http://registry.npm.release.ctripcorp.com/neo-async/download/neo-async-2.6.2.tgz",
      "integrity": "sha1-tKr7k+OustgXTKU88WOrfXMIMF8=",
      "license": "MIT"
    },
    "node_modules/source-map": {
      "version": "0.6.1",
      "resolved": "http://registry.npm.release.ctripcorp.com/source-map/download/source-map-0.6.1.tgz",
      "integrity": "sha1-dHIq8y6WFOnCh6jQu95IteLxomM=",
      "license": "BSD-3-Clause",
      "engines": {
        "node": ">=0.10.0"
      }
    },
    "node_modules/uglify-js": {
      "version": "3.17.4",
      "resolved": "http://registry.npm.release.ctripcorp.com/uglify-js/download/uglify-js-3.17.4.tgz",
      "integrity": "sha1-YWeM9fo/W363ibs0XfKa+4JXwiw=",
      "license": "BSD-2-Clause",
      "optional": true,
      "bin": {
        "uglifyjs": "bin/uglifyjs"
      },
      "engines": {
        "node": ">=0.8.0"
      }
    },
    "node_modules/wordwrap": {
      "version": "1.0.0",
      "resolved": "http://registry.npm.release.ctripcorp.com/wordwrap/download/wordwrap-1.0.0.tgz",
      "integrity": "sha1-J1hIEIkUVqQXHI0CJkQa3pDLyus=",
      "license": "MIT"
    }
  }
}
